
Microsoft Visual Studio Solution File, Format Version 12.00
# Visual Studio Version 16
VisualStudioVersion = 16.0.29911.84
MinimumVisualStudioVersion = 10.0.40219.1
Project("{9A19103F-16F7-4668-BE54-9A1E7A4F7556}") = "WebUI", "WebUI\WebUI.csproj", "{E0C37728-B0B5-43B5-9728-8EF92AA34522}"
EndProject
Project("{FAE04EC0-301F-11D3-BF4B-00C04F79EFBC}") = "Application", "Application\Application.csproj", "{D2E73CE1-4BBC-47E4-8B98-6890EFC333EF}"
EndProject
Global
	GlobalSection(SolutionConfigurationPlatforms) = preSolution
		Debug|Any CPU = Debug|Any CPU
		Release|Any CPU = Release|Any CPU
	EndGlobalSection
	GlobalSection(ProjectConfigurationPlatforms) = postSolution
		{E0C37728-B0B5-43B5-9728-8EF92AA34522}.Debug|Any CPU.ActiveCfg = Debug|Any CPU
		{E0C37728-B0B5-43B5-9728-8EF92AA34522}.Debug|Any CPU.Build.0 = Debug|Any CPU
		{E0C37728-B0B5-43B5-9728-8EF92AA34522}.Release|Any CPU.ActiveCfg = Release|Any CPU
		{E0C37728-B0B5-43B5-9728-8EF92AA34522}.Release|Any CPU.Build.0 = Release|Any CPU
		{D2E73CE1-4BBC-47E4-8B98-6890EFC333EF}.Debug|Any CPU.ActiveCfg = Debug|Any CPU
		{D2E73CE1-4BBC-47E4-8B98-6890EFC333EF}.Debug|Any CPU.Build.0 = Debug|Any CPU
		{D2E73CE1-4BBC-47E4-8B98-6890EFC333EF}.Release|Any CPU.ActiveCfg = Release|Any CPU
		{D2E73CE1-4BBC-47E4-8B98-6890EFC333EF}.Release|Any CPU.Build.0 = Release|Any CPU
	EndGlobalSection
	GlobalSection(SolutionProperties) = preSolution
		HideSolutionNode = FALSE
	EndGlobalSection
	GlobalSection(ExtensibilityGlobals) = postSolution
		SolutionGuid = {93ADAC45-F6C6-4F35-B892-545026DDD23A}
	EndGlobalSection
EndGlobal
